// !$*UTF8*$!
{
	archiveVersion = 1;
	classes = {
	};
	objectVersion = 46;
	objects = {

/* Begin PBXBuildFile section */
		424E97B715628EAC008593C8 /* UIKit.framework in Frameworks */ = {isa = PBXBuildFile; fileRef = 424E97B615628EAC008593C8 /* UIKit.framework */; };
		424E97B915628EAC008593C8 /* Foundation.framework in Frameworks */ = {isa = PBXBuildFile; fileRef = 424E97B815628EAC008593C8 /* Foundation.framework */; };
		424E97BB15628EAC008593C8 /* CoreGraphics.framework in Frameworks */ = {isa = PBXBuildFile; fileRef = 424E97BA15628EAC008593C8 /* CoreGraphics.framework */; };
		424E97C115628EAC008593C8 /* InfoPlist.strings in Resources */ = {isa = PBXBuildFile; fileRef = 424E97BF15628EAC008593C8 /* InfoPlist.strings */; };
		424E97C315628EAC008593C8 /* main.m in Sources */ = {isa = PBXBuildFile; fileRef = 424E97C215628EAC008593C8 /* main.m */; };
		424E97C715628EAC008593C8 /* Hello_WorldAppDelegate.m in Sources */ = {isa = PBXBuildFile; fileRef = 424E97C615628EAC008593C8 /* Hello_WorldAppDelegate.m */; };
		424E97CA15628EAC008593C8 /* MainStoryboard.storyboard in Resources */ = {isa = PBXBuildFile; fileRef = 424E97C815628EAC008593C8 /* MainStoryboard.storyboard */; };
		424E97CD15628EAC008593C8 /* Hello_WorldViewController.m in Sources */ = {isa = PBXBuildFile; fileRef = 424E97CC15628EAC008593C8 /* Hello_WorldViewController.m */; };
/* End PBXBuildFile section */

/* Begin PBXFileReference section */
		424E97B215628EAC008593C8 /* Hello World.app */ = {isa = PBXFileReference; explicitFileType = wrapper.application; includeInIndex = 0; path = "Hello World.app"; sourceTree = BUILT_PRODUCTS_DIR; };
		424E97B615628EAC008593C8 /* UIKit.framework */ = {isa = PBXFileReference; lastKnownFileType = wrapper.framework; name = UIKit.framework; path = System/Library/Frameworks/UIKit.framework; sourceTree = SDKROOT; };
		424E97B815628EAC008593C8 /* Foundation.framework */ = {isa = PBXFileReference; lastKnownFileType = wrapper.framework; name = Foundation.framework; path = System/Library/Frameworks/Foundation.framework; sourceTree = SDKROOT; };
		424E97BA15628EAC008593C8 /* CoreGraphics.framework */ = {isa = PBXFileReference; lastKnownFileType = wrapper.framework; name = CoreGraphics.framework; path = System/Library/Frameworks/CoreGraphics.framework; sourceTree = SDKROOT; };
		424E97BE15628EAC008593C8 /* Hello World-Info.plist */ = {isa = PBXFileReference; lastKnownFileType = text.plist.xml; path = "Hello World-Info.plist"; sourceTree = "<group>"; };
		424E97C015628EAC008593C8 /* en */ = {isa = PBXFileReference; lastKnownFileType = text.plist.strings; name = en; path = en.lproj/InfoPlist.strings; sourceTree = "<group>"; };
		424E97C215628EAC008593C8 /* main.m */ = {isa = PBXFileReference; lastKnownFileType = sourcecode.c.objc; path = main.m; sourceTree = "<group>"; };
		424E97C415628EAC008593C8 /* Hello World-Prefix.pch */ = {isa = PBXFileReference; lastKnownFileType = sourcecode.c.h; path = "Hello World-Prefix.pch"; sourceTree = "<group>"; };
		424E97C515628EAC008593C8 /* Hello_WorldAppDelegate.h */ = {isa = PBXFileReference; lastKnownFileType = sourcecode.c.h; path = Hello_WorldAppDelegate.h; sourceTree = "<group>"; };
		424E97C615628EAC008593C8 /* Hello_WorldAppDelegate.m */ = {isa = PBXFileReference; lastKnownFileType = sourcecode.c.objc; path = Hello_WorldAppDelegate.m; sourceTree = "<group>"; };
		424E97C915628EAC008593C8 /* en */ = {isa = PBXFileReference; lastKnownFileType = file.storyboard; name = en; path = en.lproj/MainStoryboard.storyboard; sourceTree = "<group>"; };
		424E97CB15628EAC008593C8 /* Hello_WorldViewController.h */ = {isa = PBXFileReference; lastKnownFileType = sourcecode.c.h; path = Hello_WorldViewController.h; sourceTree = "<group>"; };
		424E97CC15628EAC008593C8 /* Hello_WorldViewController.m */ = {isa = PBXFileReference; lastKnownFileType = sourcecode.c.objc; path = Hello_WorldViewController.m; sourceTree = "<group>"; };
/* End PBXFileReference section */

/* Begin PBXFrameworksBuildPhase section */
		424E97AF15628EAC008593C8 /* Frameworks */ = {
			isa = PBXFrameworksBuildPhase;
			buildActionMask = 2147483647;
			files = (
				424E97B715628EAC008593C8 /* UIKit.framework in Frameworks */,
				424E97B915628EAC008593C8 /* Foundation.framework in Frameworks */,
				424E97BB15628EAC008593C8 /* CoreGraphics.framework in Frameworks */,
			);
			runOnlyForDeploymentPostprocessing = 0;
		};
/* End PBXFrameworksBuildPhase section */

/* Begin PBXGroup section */
		424E97A715628EAC008593C8 = {
			isa = PBXGroup;
			children = (
				424E97BC15628EAC008593C8 /* Hello World */,
				424E97B515628EAC008593C8 /* Frameworks */,
				424E97B315628EAC008593C8 /* Products */,
			);
			sourceTree = "<group>";
		};
		424E97B315628EAC008593C8 /* Products */ = {
			isa = PBXGroup;
			children = (
				424E97B215628EAC008593C8 /* Hello World.app */,
			);
			name = Products;
			sourceTree = "<group>";
		};
		424E97B515628EAC008593C8 /* Frameworks */ = {
			isa = PBXGroup;
			children = (
				424E97B615628EAC008593C8 /* UIKit.framework */,
				424E97B815628EAC008593C8 /* Foundation.framework */,
				424E97BA15628EAC008593C8 /* CoreGraphics.framework */,
			);
			name = Frameworks;
			sourceTree = "<group>";
		};
		424E97BC15628EAC008593C8 /* Hello World */ = {
			isa = PBXGroup;
			children = (
				424E97C515628EAC008593C8 /* Hello_WorldAppDelegate.h */,
				424E97C615628EAC008593C8 /* Hello_WorldAppDelegate.m */,
				424E97C815628EAC008593C8 /* MainStoryboard.storyboard */,
				424E97CB15628EAC008593C8 /* Hello_WorldViewController.h */,
				424E97CC15628EAC008593C8 /* Hello_WorldViewController.m */,
				424E97BD15628EAC008593C8 /* Supporting Files */,
			);
			path = "Hello World";
			sourceTree = "<group>";
		};
		424E97BD15628EAC008593C8 /* Supporting Files */ = {
			isa = PBXGroup;
			children = (
				424E97BE15628EAC008593C8 /* Hello World-Info.plist */,
				424E97BF15628EAC008593C8 /* InfoPlist.strings */,
				424E97C215628EAC008593C8 /* main.m */,
				424E97C415628EAC008593C8 /* Hello World-Prefix.pch */,
			);
			name = "Supporting Files";
			sourceTree = "<group>";
		};
/* End PBXGroup section */

/* Begin PBXNativeTarget section */
		424E97B115628EAC008593C8 /* Hello World */ = {
			isa = PBXNativeTarget;
			buildConfigurationList = 424E97D015628EAC008593C8 /* Build configuration list for PBXNativeTarget "Hello World" */;
			buildPhases = (
				424E97AE15628EAC008593C8 /* Sources */,
				424E97AF15628EAC008593C8 /* Frameworks */,
				424E97B015628EAC008593C8 /* Resources */,
			);
			buildRules = (
			);
			dependencies = (
			);
			name = "Hello World";
			productName = "Hello World";
			productReference = 424E97B215628EAC008593C8 /* Hello World.app */;
			productType = "com.apple.product-type.application";
		};
/* End PBXNativeTarget section */

/* Begin PBXProject section */
		424E97A915628EAC008593C8 /* Project object */ = {
			isa = PBXProject;
			attributes = {
				CLASSPREFIX = "Hello World";
				LastUpgradeCheck = 0430;
			};
			buildConfigurationList = 424E97AC15628EAC008593C8 /* Build configuration list for PBXProject "Hello World" */;
			compatibilityVersion = "Xcode 3.2";
			developmentRegion = English;
			hasScannedForEncodings = 0;
			knownRegions = (
				en,
			);
			mainGroup = 424E97A715628EAC008593C8;
			productRefGroup = 424E97B315628EAC008593C8 /* Products */;
			projectDirPath = "";
			projectRoot = "";
			targets = (
				424E97B115628EAC008593C8 /* Hello World */,
			);
		};
/* End PBXProject section */

/* Begin PBXResourcesBuildPhase section */
		424E97B015628EAC008593C8 /* Resources */ = {
			isa = PBXResourcesBuildPhase;
			buildActionMask = 2147483647;
			files = (
				424E97C115628EAC008593C8 /* InfoPlist.strings in Resources */,
				424E97CA15628EAC008593C8 /* MainStoryboard.storyboard in Resources */,
			);
			runOnlyForDeploymentPostprocessing = 0;
		};
/* End PBXResourcesBuildPhase section */

/* Begin PBXSourcesBuildPhase section */
		424E97AE15628EAC008593C8 /* Sources */ = {
			isa = PBXSourcesBuildPhase;
			buildActionMask = 2147483647;
			files = (
				424E97C315628EAC008593C8 /* main.m in Sources */,
				424E97C715628EAC008593C8 /* Hello_WorldAppDelegate.m in Sources */,
				424E97CD15628EAC008593C8 /* Hello_WorldViewController.m in Sources */,
			);
			runOnlyForDeploymentPostprocessing = 0;
		};
/* End PBXSourcesBuildPhase section */

/* Begin PBXVariantGroup section */
		424E97BF15628EAC008593C8 /* InfoPlist.strings */ = {
			isa = PBXVariantGroup;
			children = (
				424E97C015628EAC008593C8 /* en */,
			);
			name = InfoPlist.strings;
			sourceTree = "<group>";
		};
		424E97C815628EAC008593C8 /* MainStoryboard.storyboard */ = {
			isa = PBXVariantGroup;
			children = (
				424E97C915628EAC008593C8 /* en */,
			);
			name = MainStoryboard.storyboard;
			sourceTree = "<group>";
		};
/* End PBXVariantGroup section */

/* Begin XCBuildConfiguration section */
		424E97CE15628EAC008593C8 /* Debug */ = {
			isa = XCBuildConfiguration;
			buildSettings = {
				ALWAYS_SEARCH_USER_PATHS = NO;
				ARCHS = "$(ARCHS_STANDARD_32_BIT)";
				CLANG_ENABLE_OBJC_ARC = YES;
				"CODE_SIGN_IDENTITY[sdk=iphoneos*]" = "iPhone Developer";
				COPY_PHASE_STRIP = NO;
				GCC_C_LANGUAGE_STANDARD = gnu99;
				GCC_DYNAMIC_NO_PIC = NO;
				GCC_OPTIMIZATION_LEVEL = 0;
				GCC_PREPROCESSOR_DEFINITIONS = (
					"DEBUG=1",
					"$(inherited)",
				);
				GCC_SYMBOLS_PRIVATE_EXTERN = NO;
				GCC_VERSION = com.apple.compilers.llvm.clang.1_0;
				GCC_WARN_ABOUT_RETURN_TYPE = YES;
				GCC_WARN_UNINITIALIZED_AUTOS = YES;
				GCC_WARN_UNUSED_VARIABLE = YES;
				IPHONEOS_DEPLOYMENT_TARGET = 5.1;
				SDKROOT = iphoneos;
			};
			name = Debug;
		};
		424E97CF15628EAC008593C8 /* Release */ = {
			isa = XCBuildConfiguration;
			buildSettings = {
				ALWAYS_SEARCH_USER_PATHS = NO;
				ARCHS = "$(ARCHS_STANDARD_32_BIT)";
				CLANG_ENABLE_OBJC_ARC = YES;
				"CODE_SIGN_IDENTITY[sdk=iphoneos*]" = "iPhone Developer";
				COPY_PHASE_STRIP = YES;
				GCC_C_LANGUAGE_STANDARD = gnu99;
				GCC_VERSION = com.apple.compilers.llvm.clang.1_0;
				GCC_WARN_ABOUT_RETURN_TYPE = YES;
				GCC_WARN_UNINITIALIZED_AUTOS = YES;
				GCC_WARN_UNUSED_VARIABLE = YES;
				IPHONEOS_DEPLOYMENT_TARGET = 5.1;
				OTHER_CFLAGS = "-DNS_BLOCK_ASSERTIONS=1";
				SDKROOT = iphoneos;
				VALIDATE_PRODUCT = YES;
			};
			name = Release;
		};
		424E97D115628EAC008593C8 /* Debug */ = {
			isa = XCBuildConfiguration;
			buildSettings = {
				GCC_PRECOMPILE_PREFIX_HEADER = YES;
				GCC_PREFIX_HEADER = "Hello World/Hello World-Prefix.pch";
				INFOPLIST_FILE = "Hello World/Hello World-Info.plist";
				IPHONEOS_DEPLOYMENT_TARGET = 5.1;
				PRODUCT_NAME = "$(TARGET_NAME)";
				TARGETED_DEVICE_FAMILY = 2;
				WRAPPER_EXTENSION = app;
			};
			name = Debug;
		};
		424E97D215628EAC008593C8 /* Release */ = {
			isa = XCBuildConfiguration;
			buildSettings = {
				GCC_PRECOMPILE_PREFIX_HEADER = YES;
				GCC_PREFIX_HEADER = "Hello World/Hello World-Prefix.pch";
				INFOPLIST_FILE = "Hello World/Hello World-Info.plist";
				IPHONEOS_DEPLOYMENT_TARGET = 5.1;
				PRODUCT_NAME = "$(TARGET_NAME)";
				TARGETED_DEVICE_FAMILY = 2;
				WRAPPER_EXTENSION = app;
			};
			name = Release;
		};
/* End XCBuildConfiguration section */

/* Begin XCConfigurationList section */
		424E97AC15628EAC008593C8 /* Build configuration list for PBXProject "Hello World" */ = {
			isa = XCConfigurationList;
			buildConfigurations = (
				424E97CE15628EAC008593C8 /* Debug */,
				424E97CF15628EAC008593C8 /* Release */,
			);
			defaultConfigurationIsVisible = 0;
			defaultConfigurationName = Release;
		};
		424E97D015628EAC008593C8 /* Build configuration list for PBXNativeTarget "Hello World" */ = {
			isa = XCConfigurationList;
			buildConfigurations = (
				424E97D115628EAC008593C8 /* Debug */,
				424E97D215628EAC008593C8 /* Release */,
			);
			defaultConfigurationIsVisible = 0;
			defaultConfigurationName = Release;
		};
/* End XCConfigurationList section */
	};
	rootObject = 424E97A915628EAC008593C8 /* Project object */;
}
